// !$*UTF8*$!
{
	archiveVersion = 1;
	classes = {
	};
	objectVersion = 48;
	objects = {

/* Begin PBXBuildFile section */
		5A02D1681F928DEA00DCABD3 /* PickUpLine.swift in Sources */ = {isa = PBXBuildFile; fileRef = 5A02D1671F928DEA00DCABD3 /* PickUpLine.swift */; };
		5A02D16A1F9290F500DCABD3 /* RealmService.swift in Sources */ = {isa = PBXBuildFile; fileRef = 5A02D1691F9290F500DCABD3 /* RealmService.swift */; };
		5A9813CE1F9257590046A9BC /* AppDelegate.swift in Sources */ = {isa = PBXBuildFile; fileRef = 5A9813CD1F9257590046A9BC /* AppDelegate.swift */; };
		5A9813D01F9257590046A9BC /* ViewController.swift in Sources */ = {isa = PBXBuildFile; fileRef = 5A9813CF1F9257590046A9BC /* ViewController.swift */; };
		5A9813D31F9257590046A9BC /* Main.storyboard in Resources */ = {isa = PBXBuildFile; fileRef = 5A9813D11F9257590046A9BC /* Main.storyboard */; };
		5A9813D51F9257590046A9BC /* Assets.xcassets in Resources */ = {isa = PBXBuildFile; fileRef = 5A9813D41F9257590046A9BC /* Assets.xcassets */; };
		5A9813D81F9257590046A9BC /* LaunchScreen.storyboard in Resources */ = {isa = PBXBuildFile; fileRef = 5A9813D61F9257590046A9BC /* LaunchScreen.storyboard */; };
		5A9813E01F9258CB0046A9BC /* PickUpLineCell.swift in Sources */ = {isa = PBXBuildFile; fileRef = 5A9813DF1F9258CB0046A9BC /* PickUpLineCell.swift */; };
		5A9813E21F925B830046A9BC /* AlertService.swift in Sources */ = {isa = PBXBuildFile; fileRef = 5A9813E11F925B830046A9BC /* AlertService.swift */; };
		D90D094631D4C1333408D5AF /* Pods_Pick_Up_Lines.framework in Frameworks */ = {isa = PBXBuildFile; fileRef = 4098FEA5ADA4C596E3912D44 /* Pods_Pick_Up_Lines.framework */; settings = {ATTRIBUTES = (Required, ); }; };
/* End PBXBuildFile section */

/* Begin PBXFileReference section */
		4098FEA5ADA4C596E3912D44 /* Pods_Pick_Up_Lines.framework */ = {isa = PBXFileReference; explicitFileType = wrapper.framework; includeInIndex = 0; path = Pods_Pick_Up_Lines.framework; sourceTree = BUILT_PRODUCTS_DIR; };
		450F13A697E26616716DD058 /* Pods-Pick Up Lines.debug.xcconfig */ = {isa = PBXFileReference; includeInIndex = 1; lastKnownFileType = text.xcconfig; name = "Pods-Pick Up Lines.debug.xcconfig"; path = "Pods/Target Support Files/Pods-Pick Up Lines/Pods-Pick Up Lines.debug.xcconfig"; sourceTree = "<group>"; };
		5A02D1671F928DEA00DCABD3 /* PickUpLine.swift */ = {isa = PBXFileReference; lastKnownFileType = sourcecode.swift; path = PickUpLine.swift; sourceTree = "<group>"; };
		5A02D1691F9290F500DCABD3 /* RealmService.swift */ = {isa = PBXFileReference; lastKnownFileType = sourcecode.swift; path = RealmService.swift; sourceTree = "<group>"; };
		5A9813CA1F9257590046A9BC /* Pick Up Lines.app */ = {isa = PBXFileReference; explicitFileType = wrapper.application; includeInIndex = 0; path = "Pick Up Lines.app"; sourceTree = BUILT_PRODUCTS_DIR; };
		5A9813CD1F9257590046A9BC /* AppDelegate.swift */ = {isa = PBXFileReference; lastKnownFileType = sourcecode.swift; path = AppDelegate.swift; sourceTree = "<group>"; wrapsLines = 0; };
		5A9813CF1F9257590046A9BC /* ViewController.swift */ = {isa = PBXFileReference; lastKnownFileType = sourcecode.swift; path = ViewController.swift; sourceTree = "<group>"; };
		5A9813D21F9257590046A9BC /* Base */ = {isa = PBXFileReference; lastKnownFileType = file.storyboard; name = Base; path = Base.lproj/Main.storyboard; sourceTree = "<group>"; };
		5A9813D41F9257590046A9BC /* Assets.xcassets */ = {isa = PBXFileReference; lastKnownFileType = folder.assetcatalog; path = Assets.xcassets; sourceTree = "<group>"; };
		5A9813D71F9257590046A9BC /* Base */ = {isa = PBXFileReference; lastKnownFileType = file.storyboard; name = Base; path = Base.lproj/LaunchScreen.storyboard; sourceTree = "<group>"; };
		5A9813D91F9257590046A9BC /* Info.plist */ = {isa = PBXFileReference; lastKnownFileType = text.plist.xml; path = Info.plist; sourceTree = "<group>"; };
		5A9813DF1F9258CB0046A9BC /* PickUpLineCell.swift */ = {isa = PBXFileReference; lastKnownFileType = sourcecode.swift; path = PickUpLineCell.swift; sourceTree = "<group>"; };
		5A9813E11F925B830046A9BC /* AlertService.swift */ = {isa = PBXFileReference; lastKnownFileType = sourcecode.swift; path = AlertService.swift; sourceTree = "<group>"; };
		81E4B97C5A59029778A18EEF /* Pods-Pick Up Lines.release.xcconfig */ = {isa = PBXFileReference; includeInIndex = 1; lastKnownFileType = text.xcconfig; name = "Pods-Pick Up Lines.release.xcconfig"; path = "Pods/Target Support Files/Pods-Pick Up Lines/Pods-Pick Up Lines.release.xcconfig"; sourceTree = "<group>"; };
/* End PBXFileReference section */

/* Begin PBXFrameworksBuildPhase section */
		5A9813C71F9257590046A9BC /* Frameworks */ = {
			isa = PBXFrameworksBuildPhase;
			buildActionMask = 2147483647;
			files = (
				D90D094631D4C1333408D5AF /* Pods_Pick_Up_Lines.framework in Frameworks */,
			);
			runOnlyForDeploymentPostprocessing = 0;
		};
/* End PBXFrameworksBuildPhase section */

/* Begin PBXGroup section */
		5A9813C11F9257590046A9BC = {
			isa = PBXGroup;
			children = (
				5A9813CC1F9257590046A9BC /* Pick Up Lines Proto */,
				5A9813CB1F9257590046A9BC /* Products */,
				6EBBE2757EB9380A4E6A7F61 /* Pods */,
				5AC686C9702B82CBDE524515 /* Frameworks */,
			);
			sourceTree = "<group>";
		};
		5A9813CB1F9257590046A9BC /* Products */ = {
			isa = PBXGroup;
			children = (
				5A9813CA1F9257590046A9BC /* Pick Up Lines.app */,
			);
			name = Products;
			sourceTree = "<group>";
		};
		5A9813CC1F9257590046A9BC /* Pick Up Lines Proto */ = {
			isa = PBXGroup;
			children = (
				5A9813CD1F9257590046A9BC /* AppDelegate.swift */,
				5A9813CF1F9257590046A9BC /* ViewController.swift */,
				5A9813D11F9257590046A9BC /* Main.storyboard */,
				5A9813D41F9257590046A9BC /* Assets.xcassets */,
				5A9813D61F9257590046A9BC /* LaunchScreen.storyboard */,
				5A9813D91F9257590046A9BC /* Info.plist */,
				5A9813DF1F9258CB0046A9BC /* PickUpLineCell.swift */,
				5A9813E11F925B830046A9BC /* AlertService.swift */,
				5A02D1671F928DEA00DCABD3 /* PickUpLine.swift */,
				5A02D1691F9290F500DCABD3 /* RealmService.swift */,
			);
			path = "Pick Up Lines Proto";
			sourceTree = "<group>";
		};
		5AC686C9702B82CBDE524515 /* Frameworks */ = {
			isa = PBXGroup;
			children = (
				4098FEA5ADA4C596E3912D44 /* Pods_Pick_Up_Lines.framework */,
			);
			name = Frameworks;
			sourceTree = "<group>";
		};
		6EBBE2757EB9380A4E6A7F61 /* Pods */ = {
			isa = PBXGroup;
			children = (
				450F13A697E26616716DD058 /* Pods-Pick Up Lines.debug.xcconfig */,
				81E4B97C5A59029778A18EEF /* Pods-Pick Up Lines.release.xcconfig */,
			);
			name = Pods;
			sourceTree = "<group>";
		};
/* End PBXGroup section */

/* Begin PBXNativeTarget section */
		5A9813C91F9257590046A9BC /* Pick Up Lines */ = {
			isa = PBXNativeTarget;
			buildConfigurationList = 5A9813DC1F9257590046A9BC /* Build configuration list for PBXNativeTarget "Pick Up Lines" */;
			buildPhases = (
				78BA5FE03E1C956F89246196 /* [CP] Check Pods Manifest.lock */,
				5A9813C61F9257590046A9BC /* Sources */,
				5A9813C71F9257590046A9BC /* Frameworks */,
				5A9813C81F9257590046A9BC /* Resources */,
				A4C1C32C8C8FED019CD282AB /* [CP] Embed Pods Frameworks */,
				40A0B8A93134E5183B5182E5 /* [CP] Copy Pods Resources */,
			);
			buildRules = (
			);
			dependencies = (
			);
			name = "Pick Up Lines";
			productName = "Pick Up Lines Proto";
			productReference = 5A9813CA1F9257590046A9BC /* Pick Up Lines.app */;
			productType = "com.apple.product-type.application";
		};
/* End PBXNativeTarget section */

/* Begin PBXProject section */
		5A9813C21F9257590046A9BC /* Project object */ = {
			isa = PBXProject;
			attributes = {
				LastSwiftUpdateCheck = 0900;
				LastUpgradeCheck = 0900;
				ORGANIZATIONNAME = Mas;
				TargetAttributes = {
					5A9813C91F9257590046A9BC = {
						CreatedOnToolsVersion = 9.0;
						ProvisioningStyle = Automatic;
					};
				};
			};
			buildConfigurationList = 5A9813C51F9257590046A9BC /* Build configuration list for PBXProject "Pick Up Lines" */;
			compatibilityVersion = "Xcode 8.0";
			developmentRegion = en;
			hasScannedForEncodings = 0;
			knownRegions = (
				en,
				Base,
			);
			mainGroup = 5A9813C11F9257590046A9BC;
			productRefGroup = 5A9813CB1F9257590046A9BC /* Products */;
			projectDirPath = "";
			projectRoot = "";
			targets = (
				5A9813C91F9257590046A9BC /* Pick Up Lines */,
			);
		};
/* End PBXProject section */

/* Begin PBXResourcesBuildPhase section */
		5A9813C81F9257590046A9BC /* Resources */ = {
			isa = PBXResourcesBuildPhase;
			buildActionMask = 2147483647;
			files = (
				5A9813D81F9257590046A9BC /* LaunchScreen.storyboard in Resources */,
				5A9813D51F9257590046A9BC /* Assets.xcassets in Resources */,
				5A9813D31F9257590046A9BC /* Main.storyboard in Resources */,
			);
			runOnlyForDeploymentPostprocessing = 0;
		};
/* End PBXResourcesBuildPhase section */

/* Begin PBXShellScriptBuildPhase section */
		40A0B8A93134E5183B5182E5 /* [CP] Copy Pods Resources */ = {
			isa = PBXShellScriptBuildPhase;
			buildActionMask = 2147483647;
			files = (
			);
			inputPaths = (
			);
			name = "[CP] Copy Pods Resources";
			outputPaths = (
			);
			runOnlyForDeploymentPostprocessing = 0;
			shellPath = /bin/sh;
			shellScript = "\"${SRCROOT}/Pods/Target Support Files/Pods-Pick Up Lines/Pods-Pick Up Lines-resources.sh\"\n";
			showEnvVarsInLog = 0;
		};
		78BA5FE03E1C956F89246196 /* [CP] Check Pods Manifest.lock */ = {
			isa = PBXShellScriptBuildPhase;
			buildActionMask = 2147483647;
			files = (
			);
			inputPaths = (
			);
			name = "[CP] Check Pods Manifest.lock";
			outputPaths = (
			);
			runOnlyForDeploymentPostprocessing = 0;
			shellPath = /bin/sh;
			shellScript = "diff \"${PODS_ROOT}/../Podfile.lock\" \"${PODS_ROOT}/Manifest.lock\" > /dev/null\nif [ $? != 0 ] ; then\n    # print error to STDERR\n    echo \"error: The sandbox is not in sync with the Podfile.lock. Run 'pod install' or update your CocoaPods installation.\" >&2\n    exit 1\nfi\n";
			showEnvVarsInLog = 0;
		};
		A4C1C32C8C8FED019CD282AB /* [CP] Embed Pods Frameworks */ = {
			isa = PBXShellScriptBuildPhase;
			buildActionMask = 2147483647;
			files = (
			);
			inputPaths = (
			);
			name = "[CP] Embed Pods Frameworks";
			outputPaths = (
			);
			runOnlyForDeploymentPostprocessing = 0;
			shellPath = /bin/sh;
			shellScript = "\"${SRCROOT}/Pods/Target Support Files/Pods-Pick Up Lines/Pods-Pick Up Lines-frameworks.sh\"\n";
			showEnvVarsInLog = 0;
		};
/* End PBXShellScriptBuildPhase section */

/* Begin PBXSourcesBuildPhase section */
		5A9813C61F9257590046A9BC /* Sources */ = {
			isa = PBXSourcesBuildPhase;
			buildActionMask = 2147483647;
			files = (
				5A9813D01F9257590046A9BC /* ViewController.swift in Sources */,
				5A02D16A1F9290F500DCABD3 /* RealmService.swift in Sources */,
				5A9813E01F9258CB0046A9BC /* PickUpLineCell.swift in Sources */,
				5A02D1681F928DEA00DCABD3 /* PickUpLine.swift in Sources */,
				5A9813E21F925B830046A9BC /* AlertService.swift in Sources */,
				5A9813CE1F9257590046A9BC /* AppDelegate.swift in Sources */,
			);
			runOnlyForDeploymentPostprocessing = 0;
		};
/* End PBXSourcesBuildPhase section */

/* Begin PBXVariantGroup section */
		5A9813D11F9257590046A9BC /* Main.storyboard */ = {
			isa = PBXVariantGroup;
			children = (
				5A9813D21F9257590046A9BC /* Base */,
			);
			name = Main.storyboard;
			sourceTree = "<group>";
		};
		5A9813D61F9257590046A9BC /* LaunchScreen.storyboard */ = {
			isa = PBXVariantGroup;
			children = (
				5A9813D71F9257590046A9BC /* Base */,
			);
			name = LaunchScreen.storyboard;
			sourceTree = "<group>";
		};
/* End PBXVariantGroup section */

/* Begin XCBuildConfiguration section */
		5A9813DA1F9257590046A9BC /* Debug */ = {
			isa = XCBuildConfiguration;
			buildSettings = {
				ALWAYS_SEARCH_USER_PATHS = NO;
				CLANG_ANALYZER_NONNULL = YES;
				CLANG_ANALYZER_NUMBER_OBJECT_CONVERSION = YES_AGGRESSIVE;
				CLANG_CXX_LANGUAGE_STANDARD = "gnu++14";
				CLANG_CXX_LIBRARY = "libc++";
				CLANG_ENABLE_MODULES = YES;
				CLANG_ENABLE_OBJC_ARC = YES;
				CLANG_WARN_BLOCK_CAPTURE_AUTORELEASING = YES;
				CLANG_WARN_BOOL_CONVERSION = YES;
				CLANG_WARN_COMMA = YES;
				CLANG_WARN_CONSTANT_CONVERSION = YES;
				CLANG_WARN_DIRECT_OBJC_ISA_USAGE = YES_ERROR;
				CLANG_WARN_DOCUMENTATION_COMMENTS = YES;
				CLANG_WARN_EMPTY_BODY = YES;
				CLANG_WARN_ENUM_CONVERSION = YES;
				CLANG_WARN_INFINITE_RECURSION = YES;
				CLANG_WARN_INT_CONVERSION = YES;
				CLANG_WARN_NON_LITERAL_NULL_CONVERSION = YES;
				CLANG_WARN_OBJC_LITERAL_CONVERSION = YES;
				CLANG_WARN_OBJC_ROOT_CLASS = YES_ERROR;
				CLANG_WARN_RANGE_LOOP_ANALYSIS = YES;
				CLANG_WARN_STRICT_PROTOTYPES = YES;
				CLANG_WARN_SUSPICIOUS_MOVE = YES;
				CLANG_WARN_UNGUARDED_AVAILABILITY = YES_AGGRESSIVE;
				CLANG_WARN_UNREACHABLE_CODE = YES;
				CLANG_WARN__DUPLICATE_METHOD_MATCH = YES;
				CODE_SIGN_IDENTITY = "iPhone Developer";
				COPY_PHASE_STRIP = NO;
				DEBUG_INFORMATION_FORMAT = dwarf;
				ENABLE_STRICT_OBJC_MSGSEND = YES;
				ENABLE_TESTABILITY = YES;
				GCC_C_LANGUAGE_STANDARD = gnu11;
				GCC_DYNAMIC_NO_PIC = NO;
				GCC_NO_COMMON_BLOCKS = YES;
				GCC_OPTIMIZATION_LEVEL = 0;
				GCC_PREPROCESSOR_DEFINITIONS = (
					"DEBUG=1",
					"$(inherited)",
				);
				GCC_WARN_64_TO_32_BIT_CONVERSION = YES;
				GCC_WARN_ABOUT_RETURN_TYPE = YES_ERROR;
				GCC_WARN_UNDECLARED_SELECTOR = YES;
				GCC_WARN_UNINITIALIZED_AUTOS = YES_AGGRESSIVE;
				GCC_WARN_UNUSED_FUNCTION = YES;
				GCC_WARN_UNUSED_VARIABLE = YES;
				IPHONEOS_DEPLOYMENT_TARGET = 11.0;
				MTL_ENABLE_DEBUG_INFO = YES;
				ONLY_ACTIVE_ARCH = YES;
				SDKROOT = iphoneos;
				SWIFT_ACTIVE_COMPILATION_CONDITIONS = DEBUG;
				SWIFT_OPTIMIZATION_LEVEL = "-Onone";
			};
			name = Debug;
		};
		5A9813DB1F9257590046A9BC /* Release */ = {
			isa = XCBuildConfiguration;
			buildSettings = {
				ALWAYS_SEARCH_USER_PATHS = NO;
				CLANG_ANALYZER_NONNULL = YES;
				CLANG_ANALYZER_NUMBER_OBJECT_CONVERSION = YES_AGGRESSIVE;
				CLANG_CXX_LANGUAGE_STANDARD = "gnu++14";
				CLANG_CXX_LIBRARY = "libc++";
				CLANG_ENABLE_MODULES = YES;
				CLANG_ENABLE_OBJC_ARC = YES;
				CLANG_WARN_BLOCK_CAPTURE_AUTORELEASING = YES;
				CLANG_WARN_BOOL_CONVERSION = YES;
				CLANG_WARN_COMMA = YES;
				CLANG_WARN_CONSTANT_CONVERSION = YES;
				CLANG_WARN_DIRECT_OBJC_ISA_USAGE = YES_ERROR;
				CLANG_WARN_DOCUMENTATION_COMMENTS = YES;
				CLANG_WARN_EMPTY_BODY = YES;
				CLANG_WARN_ENUM_CONVERSION = YES;
				CLANG_WARN_INFINITE_RECURSION = YES;
				CLANG_WARN_INT_CONVERSION = YES;
				CLANG_WARN_NON_LITERAL_NULL_CONVERSION = YES;
				CLANG_WARN_OBJC_LITERAL_CONVERSION = YES;
				CLANG_WARN_OBJC_ROOT_CLASS = YES_ERROR;
				CLANG_WARN_RANGE_LOOP_ANALYSIS = YES;
				CLANG_WARN_STRICT_PROTOTYPES = YES;
				CLANG_WARN_SUSPICIOUS_MOVE = YES;
				CLANG_WARN_UNGUARDED_AVAILABILITY = YES_AGGRESSIVE;
				CLANG_WARN_UNREACHABLE_CODE = YES;
				CLANG_WARN__DUPLICATE_METHOD_MATCH = YES;
				CODE_SIGN_IDENTITY = "iPhone Developer";
				COPY_PHASE_STRIP = NO;
				DEBUG_INFORMATION_FORMAT = "dwarf-with-dsym";
				ENABLE_NS_ASSERTIONS = NO;
				ENABLE_STRICT_OBJC_MSGSEND = YES;
				GCC_C_LANGUAGE_STANDARD = gnu11;
				GCC_NO_COMMON_BLOCKS = YES;
				GCC_WARN_64_TO_32_BIT_CONVERSION = YES;
				GCC_WARN_ABOUT_RETURN_TYPE = YES_ERROR;
				GCC_WARN_UNDECLARED_SELECTOR = YES;
				GCC_WARN_UNINITIALIZED_AUTOS = YES_AGGRESSIVE;
				GCC_WARN_UNUSED_FUNCTION = YES;
				GCC_WARN_UNUSED_VARIABLE = YES;
				IPHONEOS_DEPLOYMENT_TARGET = 11.0;
				MTL_ENABLE_DEBUG_INFO = NO;
				SDKROOT = iphoneos;
				SWIFT_OPTIMIZATION_LEVEL = "-Owholemodule";
				VALIDATE_PRODUCT = YES;
			};
			name = Release;
		};
		5A9813DD1F9257590046A9BC /* Debug */ = {
			isa = XCBuildConfiguration;
			baseConfigurationReference = 450F13A697E26616716DD058 /* Pods-Pick Up Lines.debug.xcconfig */;
			buildSettings = {
				ASSETCATALOG_COMPILER_APPICON_NAME = AppIcon;
				CODE_SIGN_STYLE = Automatic;
				DEVELOPMENT_TEAM = KMZ7FS6MP9;
				INFOPLIST_FILE = "Pick Up Lines Proto/Info.plist";
				LD_RUNPATH_SEARCH_PATHS = "$(inherited) @executable_path/Frameworks";
				PRODUCT_BUNDLE_IDENTIFIER = "de.berlin.Pick-Up-Lines";
				PRODUCT_NAME = "$(TARGET_NAME)";
				SWIFT_VERSION = 4.0;
				TARGETED_DEVICE_FAMILY = "1,2";
			};
			name = Debug;
		};
		5A9813DE1F9257590046A9BC /* Release */ = {
			isa = XCBuildConfiguration;
			baseConfigurationReference = 81E4B97C5A59029778A18EEF /* Pods-Pick Up Lines.release.xcconfig */;
			buildSettings = {
				ASSETCATALOG_COMPILER_APPICON_NAME = AppIcon;
				CODE_SIGN_STYLE = Automatic;
				DEVELOPMENT_TEAM = KMZ7FS6MP9;
				INFOPLIST_FILE = "Pick Up Lines Proto/Info.plist";
				LD_RUNPATH_SEARCH_PATHS = "$(inherited) @executable_path/Frameworks";
				PRODUCT_BUNDLE_IDENTIFIER = "de.berlin.Pick-Up-Lines";
				PRODUCT_NAME = "$(TARGET_NAME)";
				SWIFT_VERSION = 4.0;
				TARGETED_DEVICE_FAMILY = "1,2";
			};
			name = Release;
		};
/* End XCBuildConfiguration section */

/* Begin XCConfigurationList section */
		5A9813C51F9257590046A9BC /* Build configuration list for PBXProject "Pick Up Lines" */ = {
			isa = XCConfigurationList;
			buildConfigurations = (
				5A9813DA1F9257590046A9BC /* Debug */,
				5A9813DB1F9257590046A9BC /* Release */,
			);
			defaultConfigurationIsVisible = 0;
			defaultConfigurationName = Release;
		};
		5A9813DC1F9257590046A9BC /* Build configuration list for PBXNativeTarget "Pick Up Lines" */ = {
			isa = XCConfigurationList;
			buildConfigurations = (
				5A9813DD1F9257590046A9BC /* Debug */,
				5A9813DE1F9257590046A9BC /* Release */,
			);
			defaultConfigurationIsVisible = 0;
			defaultConfigurationName = Release;
		};
/* End XCConfigurationList section */
	};
	rootObject = 5A9813C21F9257590046A9BC /* Project object */;
}
